<?xml version="1.0" encoding="UTF-8"?>
<Scheme
   LastUpgradeVersion = "0630"
   version = "1.3">
   <BuildAction
      parallelizeBuildables = "YES"
      buildImplicitDependencies = "YES">
      <BuildActionEntries>
         <BuildActionEntry
            buildForTesting = "YES"
            buildForRunning = "YES"
            buildForProfiling = "YES"
            buildForArchiving = "YES"
            buildForAnalyzing = "YES">
            <BuildableReference
               BuildableIdentifier = "primary"
               BlueprintIdentifier = "A88F74AE1AF70F88009214F4"
               BuildableName = "SHGradientColorView.app"
               BlueprintName = "SHGradientColorView"
               ReferencedContainer = "container:SHGradientColorView.xcodeproj">
            </BuildableReference>
         </BuildActionEntry>
<<<<<<< HEAD
=======
         <BuildActionEntry
            buildForTesting = "YES"
            buildForRunning = "YES"
            buildForProfiling = "NO"
            buildForArchiving = "NO"
            buildForAnalyzing = "YES">
            <BuildableReference
               BuildableIdentifier = "primary"
               BlueprintIdentifier = "A88F74C31AF70F88009214F4"
               BuildableName = "SHGradientColorViewTests.xctest"
               BlueprintName = "SHGradientColorViewTests"
               ReferencedContainer = "container:SHGradientColorView.xcodeproj">
            </BuildableReference>
         </BuildActionEntry>
         <BuildActionEntry
            buildForTesting = "YES"
            buildForRunning = "YES"
            buildForProfiling = "NO"
            buildForArchiving = "NO"
            buildForAnalyzing = "YES">
            <BuildableReference
               BuildableIdentifier = "primary"
               BlueprintIdentifier = "A8A31AE31B048A4A00ED0D3E"
               BuildableName = "SHGradientColorViewFrameworkTests.xctest"
               BlueprintName = "SHGradientColorViewFrameworkTests"
               ReferencedContainer = "container:SHGradientColorView.xcodeproj">
            </BuildableReference>
         </BuildActionEntry>
>>>>>>> develop
      </BuildActionEntries>
   </BuildAction>
   <TestAction
      selectedDebuggerIdentifier = "Xcode.DebuggerFoundation.Debugger.LLDB"
      selectedLauncherIdentifier = "Xcode.DebuggerFoundation.Launcher.LLDB"
      shouldUseLaunchSchemeArgsEnv = "YES"
      buildConfiguration = "Debug">
      <Testables>
<<<<<<< HEAD
=======
         <TestableReference
            skipped = "NO">
            <BuildableReference
               BuildableIdentifier = "primary"
               BlueprintIdentifier = "A88F74C31AF70F88009214F4"
               BuildableName = "SHGradientColorViewTests.xctest"
               BlueprintName = "SHGradientColorViewTests"
               ReferencedContainer = "container:SHGradientColorView.xcodeproj">
            </BuildableReference>
         </TestableReference>
         <TestableReference
            skipped = "NO">
            <BuildableReference
               BuildableIdentifier = "primary"
               BlueprintIdentifier = "A8A31AE31B048A4A00ED0D3E"
               BuildableName = "SHGradientColorViewFrameworkTests.xctest"
               BlueprintName = "SHGradientColorViewFrameworkTests"
               ReferencedContainer = "container:SHGradientColorView.xcodeproj">
            </BuildableReference>
         </TestableReference>
>>>>>>> develop
      </Testables>
      <MacroExpansion>
         <BuildableReference
            BuildableIdentifier = "primary"
            BlueprintIdentifier = "A88F74AE1AF70F88009214F4"
            BuildableName = "SHGradientColorView.app"
            BlueprintName = "SHGradientColorView"
            ReferencedContainer = "container:SHGradientColorView.xcodeproj">
         </BuildableReference>
      </MacroExpansion>
   </TestAction>
   <LaunchAction
      selectedDebuggerIdentifier = "Xcode.DebuggerFoundation.Debugger.LLDB"
      selectedLauncherIdentifier = "Xcode.DebuggerFoundation.Launcher.LLDB"
      launchStyle = "0"
      useCustomWorkingDirectory = "NO"
      buildConfiguration = "Debug"
      ignoresPersistentStateOnLaunch = "NO"
      debugDocumentVersioning = "YES"
      allowLocationSimulation = "YES">
      <BuildableProductRunnable
         runnableDebuggingMode = "0">
         <BuildableReference
            BuildableIdentifier = "primary"
            BlueprintIdentifier = "A88F74AE1AF70F88009214F4"
            BuildableName = "SHGradientColorView.app"
            BlueprintName = "SHGradientColorView"
            ReferencedContainer = "container:SHGradientColorView.xcodeproj">
         </BuildableReference>
      </BuildableProductRunnable>
      <AdditionalOptions>
      </AdditionalOptions>
   </LaunchAction>
   <ProfileAction
      shouldUseLaunchSchemeArgsEnv = "YES"
      savedToolIdentifier = ""
      useCustomWorkingDirectory = "NO"
      buildConfiguration = "Release"
      debugDocumentVersioning = "YES">
      <BuildableProductRunnable
         runnableDebuggingMode = "0">
         <BuildableReference
            BuildableIdentifier = "primary"
            BlueprintIdentifier = "A88F74AE1AF70F88009214F4"
            BuildableName = "SHGradientColorView.app"
            BlueprintName = "SHGradientColorView"
            ReferencedContainer = "container:SHGradientColorView.xcodeproj">
         </BuildableReference>
      </BuildableProductRunnable>
   </ProfileAction>
   <AnalyzeAction
      buildConfiguration = "Debug">
   </AnalyzeAction>
   <ArchiveAction
      buildConfiguration = "Release"
      revealArchiveInOrganizer = "YES">
   </ArchiveAction>
</Scheme>
